
Microsoft Visual Studio Solution File, Format Version 11.00
# Visual Studio 2010
Project("{54435603-DBB4-11D2-8724-00A0C9A8B90C}") = "LMS", "LMS\LMS.vdproj", "{EBB5EDAF-2E96-48F3-9C6F-E814A9428DCE}"
EndProject
Global
	GlobalSection(SolutionConfigurationPlatforms) = preSolution
		Debug|Default = Debug|Default
		Release|Default = Release|Default
	EndGlobalSection
	GlobalSection(ProjectConfigurationPlatforms) = postSolution
		{EBB5EDAF-2E96-48F3-9C6F-E814A9428DCE}.Debug|Default.ActiveCfg = Debug
		{EBB5EDAF-2E96-48F3-9C6F-E814A9428DCE}.Debug|Default.Build.0 = Debug
		{EBB5EDAF-2E96-48F3-9C6F-E814A9428DCE}.Release|Default.ActiveCfg = Release
		{EBB5EDAF-2E96-48F3-9C6F-E814A9428DCE}.Release|Default.Build.0 = Release
	EndGlobalSection
	GlobalSection(SolutionProperties) = preSolution
		HideSolutionNode = FALSE
	EndGlobalSection
EndGlobal
